
Microsoft Visual Studio Solution File, Format Version 12.00
# Visual Studio Version 17
VisualStudioVersion = 17.14.37328.6 d17.14
MinimumVisualStudioVersion = 10.0.40219.1
Project("{FAE04EC0-301F-11D3-BF4B-00C04F79EFBC}") = "ConsoleApp1", "ConsoleApp1\ConsoleApp1.csproj", "{EC35654A-F755-4BDC-ACB7-808BDF07295E}"
EndProject
Global
	GlobalSection(SolutionConfigurationPlatforms) = preSolution
		Debug|Any CPU = Debug|Any CPU
		Release|Any CPU = Release|Any CPU
	EndGlobalSection
	GlobalSection(ProjectConfigurationPlatforms) = postSolution
		{EC35654A-F755-4BDC-ACB7-808BDF07295E}.Debug|Any CPU.ActiveCfg = Debug|Any CPU
		{EC35654A-F755-4BDC-ACB7-808BDF07295E}.Debug|Any CPU.Build.0 = Debug|Any CPU
		{EC35654A-F755-4BDC-ACB7-808BDF07295E}.Release|Any CPU.ActiveCfg = Release|Any CPU
		{EC35654A-F755-4BDC-ACB7-808BDF07295E}.Release|Any CPU.Build.0 = Release|Any CPU
	EndGlobalSection
	GlobalSection(SolutionProperties) = preSolution
		HideSolutionNode = FALSE
	EndGlobalSection
	GlobalSection(ExtensibilityGlobals) = postSolution
		SolutionGuid = {7B54F087-853C-4264-8C6B-C156CB761A66}
	EndGlobalSection
EndGlobal
